
Microsoft Visual Studio Solution File, Format Version 12.00
# Visual Studio 15
VisualStudioVersion = 15.0.26403.7
MinimumVisualStudioVersion = 10.0.40219.1
Project("{2150E333-8FDC-42A3-9474-1A3956D46DE8}") = "src", "src", "{C9BFDDC4-5671-47A3-B57D-197C2A51FA8A}"
EndProject
Project("{2150E333-8FDC-42A3-9474-1A3956D46DE8}") = "Solution Items", "Solution Items", "{0FA25035-EF21-45F1-BEB4-C57BCF5F9A83}"
EndProject
Project("{2150E333-8FDC-42A3-9474-1A3956D46DE8}") = "Database", "Database", "{0A27C140-4CCB-40DD-BE48-F5DE16D1177B}"
	ProjectSection(SolutionItems) = preProject
		src\Database\StaticData.sql = src\Database\StaticData.sql
		src\Database\StaticData_MySql.sql = src\Database\StaticData_MySql.sql
		src\Database\StaticData_Postgres.sql = src\Database\StaticData_Postgres.sql
	EndProjectSection
EndProject
Project("{9A19103F-16F7-4668-BE54-9A1E7A4F7556}") = "WebHost", "src\WebHost\WebHost.csproj", "{13367B7A-E91C-47EE-BA5E-C50664D65767}"
EndProject
Project("{9A19103F-16F7-4668-BE54-9A1E7A4F7556}") = "Infrastructure", "src\Infrastructure\Infrastructure.csproj", "{9C156841-9389-4840-82CB-D5A4ED9A6A00}"
EndProject
Project("{2150E333-8FDC-42A3-9474-1A3956D46DE8}") = "test", "test", "{D9FD9ABA-AE5E-4427-AA6B-6285BE2E212D}"
EndProject
Project("{9A19103F-16F7-4668-BE54-9A1E7A4F7556}") = "Infrastructure.Tests", "test\Infrastructure.Tests\Infrastructure.Tests.csproj", "{338A04B7-CB1A-4C98-84A7-02F48A41D860}"
EndProject
Project("{9A19103F-16F7-4668-BE54-9A1E7A4F7556}") = "Module.Core.Tests", "test\Module.Core.Tests\Module.Core.Tests.csproj", "{52D24DE2-8661-4BBF-AC7B-B36BB1A655BA}"
EndProject
Project("{9A19103F-16F7-4668-BE54-9A1E7A4F7556}") = "Module.Cms.Tests", "test\Module.Cms.Tests\Module.Cms.Tests.csproj", "{483C5E8D-99A4-410D-8DB3-2F695B05BF40}"
EndProject
Project("{2150E333-8FDC-42A3-9474-1A3956D46DE8}") = "DevModules", "DevModules", "{A207C4AD-FD60-4253-BB81-937B1F394881}"
EndProject
Project("{9A19103F-16F7-4668-BE54-9A1E7A4F7556}") = "Module.ActivityLog", "src\WebHost\DevModules\Module.ActivityLog\Module.ActivityLog.csproj", "{52816D57-5EEB-4259-AC9E-C60948AC9503}"
EndProject
Project("{9A19103F-16F7-4668-BE54-9A1E7A4F7556}") = "Module.Catalog", "src\WebHost\DevModules\Module.Catalog\Module.Catalog.csproj", "{747B2F4A-99A5-4FCE-A388-4AB4DEC08BE8}"
EndProject
Project("{9A19103F-16F7-4668-BE54-9A1E7A4F7556}") = "Module.Cms", "src\WebHost\DevModules\Module.Cms\Module.Cms.csproj", "{3D96B7E1-7803-40F4-84A7-3FF107A568B6}"
EndProject
Project("{9A19103F-16F7-4668-BE54-9A1E7A4F7556}") = "Module.Contacts", "src\WebHost\DevModules\Module.Contacts\Module.Contacts.csproj", "{72D044B7-3FC8-447E-9BF9-2A868776CE38}"
EndProject
Project("{9A19103F-16F7-4668-BE54-9A1E7A4F7556}") = "Module.Core", "src\WebHost\DevModules\Module.Core\Module.Core.csproj", "{5FBFF863-A73D-4141-A66B-A7B233366407}"
EndProject
Project("{9A19103F-16F7-4668-BE54-9A1E7A4F7556}") = "Module.Localization", "src\WebHost\DevModules\Module.Localization\Module.Localization.csproj", "{DB0864A2-309F-4248-A84B-A3FE914D642B}"
EndProject
Project("{9A19103F-16F7-4668-BE54-9A1E7A4F7556}") = "Module.News", "src\WebHost\DevModules\Module.News\Module.News.csproj", "{F4123293-8E4B-4F1C-A04A-29BCD25D992E}"
EndProject
Project("{9A19103F-16F7-4668-BE54-9A1E7A4F7556}") = "Module.Orders", "src\WebHost\DevModules\Module.Orders\Module.Orders.csproj", "{2D9452F8-04A2-4B90-A78E-D79C17E8A860}"
EndProject
Project("{9A19103F-16F7-4668-BE54-9A1E7A4F7556}") = "Module.ProductComparison", "src\WebHost\DevModules\Module.ProductComparison\Module.ProductComparison.csproj", "{2F3B6BC1-E054-4513-9D2F-5B2D451D4797}"
EndProject
Project("{9A19103F-16F7-4668-BE54-9A1E7A4F7556}") = "Module.Reviews", "src\WebHost\DevModules\Module.Reviews\Module.Reviews.csproj", "{32435CF6-06AE-4945-8E57-663C457F976C}"
EndProject
Project("{9A19103F-16F7-4668-BE54-9A1E7A4F7556}") = "Module.SampleData", "src\WebHost\DevModules\Module.SampleData\Module.SampleData.csproj", "{B217E145-3191-4A74-B5E4-2DC0B5BBD149}"
EndProject
Project("{9A19103F-16F7-4668-BE54-9A1E7A4F7556}") = "Module.Search", "src\WebHost\DevModules\Module.Search\Module.Search.csproj", "{DDB28040-6854-435C-B971-EF06CFEED112}"
EndProject
Project("{9A19103F-16F7-4668-BE54-9A1E7A4F7556}") = "Module.Vendors", "src\WebHost\DevModules\Module.Vendors\Module.Vendors.csproj", "{57AFF441-9D33-44C7-9846-7500F97E701E}"
EndProject
Global
	GlobalSection(SolutionConfigurationPlatforms) = preSolution
		Debug|Any CPU = Debug|Any CPU
		Debug|x64 = Debug|x64
		Debug|x86 = Debug|x86
		Release|Any CPU = Release|Any CPU
		Release|x64 = Release|x64
		Release|x86 = Release|x86
	EndGlobalSection
	GlobalSection(ProjectConfigurationPlatforms) = postSolution
		{13367B7A-E91C-47EE-BA5E-C50664D65767}.Debug|Any CPU.ActiveCfg = Debug|Any CPU
		{13367B7A-E91C-47EE-BA5E-C50664D65767}.Debug|Any CPU.Build.0 = Debug|Any CPU
		{13367B7A-E91C-47EE-BA5E-C50664D65767}.Debug|x64.ActiveCfg = Debug|Any CPU
		{13367B7A-E91C-47EE-BA5E-C50664D65767}.Debug|x64.Build.0 = Debug|Any CPU
		{13367B7A-E91C-47EE-BA5E-C50664D65767}.Debug|x86.ActiveCfg = Debug|Any CPU
		{13367B7A-E91C-47EE-BA5E-C50664D65767}.Debug|x86.Build.0 = Debug|Any CPU
		{13367B7A-E91C-47EE-BA5E-C50664D65767}.Release|Any CPU.ActiveCfg = Release|Any CPU
		{13367B7A-E91C-47EE-BA5E-C50664D65767}.Release|Any CPU.Build.0 = Release|Any CPU
		{13367B7A-E91C-47EE-BA5E-C50664D65767}.Release|x64.ActiveCfg = Release|Any CPU
		{13367B7A-E91C-47EE-BA5E-C50664D65767}.Release|x64.Build.0 = Release|Any CPU
		{13367B7A-E91C-47EE-BA5E-C50664D65767}.Release|x86.ActiveCfg = Release|Any CPU
		{13367B7A-E91C-47EE-BA5E-C50664D65767}.Release|x86.Build.0 = Release|Any CPU
		{9C156841-9389-4840-82CB-D5A4ED9A6A00}.Debug|Any CPU.ActiveCfg = Debug|Any CPU
		{9C156841-9389-4840-82CB-D5A4ED9A6A00}.Debug|Any CPU.Build.0 = Debug|Any CPU
		{9C156841-9389-4840-82CB-D5A4ED9A6A00}.Debug|x64.ActiveCfg = Debug|Any CPU
		{9C156841-9389-4840-82CB-D5A4ED9A6A00}.Debug|x64.Build.0 = Debug|Any CPU
		{9C156841-9389-4840-82CB-D5A4ED9A6A00}.Debug|x86.ActiveCfg = Debug|Any CPU
		{9C156841-9389-4840-82CB-D5A4ED9A6A00}.Debug|x86.Build.0 = Debug|Any CPU
		{9C156841-9389-4840-82CB-D5A4ED9A6A00}.Release|Any CPU.ActiveCfg = Release|Any CPU
		{9C156841-9389-4840-82CB-D5A4ED9A6A00}.Release|Any CPU.Build.0 = Release|Any CPU
		{9C156841-9389-4840-82CB-D5A4ED9A6A00}.Release|x64.ActiveCfg = Release|Any CPU
		{9C156841-9389-4840-82CB-D5A4ED9A6A00}.Release|x64.Build.0 = Release|Any CPU
		{9C156841-9389-4840-82CB-D5A4ED9A6A00}.Release|x86.ActiveCfg = Release|Any CPU
		{9C156841-9389-4840-82CB-D5A4ED9A6A00}.Release|x86.Build.0 = Release|Any CPU
		{338A04B7-CB1A-4C98-84A7-02F48A41D860}.Debug|Any CPU.ActiveCfg = Debug|Any CPU
		{338A04B7-CB1A-4C98-84A7-02F48A41D860}.Debug|Any CPU.Build.0 = Debug|Any CPU
		{338A04B7-CB1A-4C98-84A7-02F48A41D860}.Debug|x64.ActiveCfg = Debug|Any CPU
		{338A04B7-CB1A-4C98-84A7-02F48A41D860}.Debug|x64.Build.0 = Debug|Any CPU
		{338A04B7-CB1A-4C98-84A7-02F48A41D860}.Debug|x86.ActiveCfg = Debug|Any CPU
		{338A04B7-CB1A-4C98-84A7-02F48A41D860}.Debug|x86.Build.0 = Debug|Any CPU
		{338A04B7-CB1A-4C98-84A7-02F48A41D860}.Release|Any CPU.ActiveCfg = Release|Any CPU
		{338A04B7-CB1A-4C98-84A7-02F48A41D860}.Release|Any CPU.Build.0 = Release|Any CPU
		{338A04B7-CB1A-4C98-84A7-02F48A41D860}.Release|x64.ActiveCfg = Release|Any CPU
		{338A04B7-CB1A-4C98-84A7-02F48A41D860}.Release|x64.Build.0 = Release|Any CPU
		{338A04B7-CB1A-4C98-84A7-02F48A41D860}.Release|x86.ActiveCfg = Release|Any CPU
		{338A04B7-CB1A-4C98-84A7-02F48A41D860}.Release|x86.Build.0 = Release|Any CPU
		{52D24DE2-8661-4BBF-AC7B-B36BB1A655BA}.Debug|Any CPU.ActiveCfg = Debug|Any CPU
		{52D24DE2-8661-4BBF-AC7B-B36BB1A655BA}.Debug|Any CPU.Build.0 = Debug|Any CPU
		{52D24DE2-8661-4BBF-AC7B-B36BB1A655BA}.Debug|x64.ActiveCfg = Debug|Any CPU
		{52D24DE2-8661-4BBF-AC7B-B36BB1A655BA}.Debug|x64.Build.0 = Debug|Any CPU
		{52D24DE2-8661-4BBF-AC7B-B36BB1A655BA}.Debug|x86.ActiveCfg = Debug|Any CPU
		{52D24DE2-8661-4BBF-AC7B-B36BB1A655BA}.Debug|x86.Build.0 = Debug|Any CPU
		{52D24DE2-8661-4BBF-AC7B-B36BB1A655BA}.Release|Any CPU.ActiveCfg = Release|Any CPU
		{52D24DE2-8661-4BBF-AC7B-B36BB1A655BA}.Release|Any CPU.Build.0 = Release|Any CPU
		{52D24DE2-8661-4BBF-AC7B-B36BB1A655BA}.Release|x64.ActiveCfg = Release|Any CPU
		{52D24DE2-8661-4BBF-AC7B-B36BB1A655BA}.Release|x64.Build.0 = Release|Any CPU
		{52D24DE2-8661-4BBF-AC7B-B36BB1A655BA}.Release|x86.ActiveCfg = Release|Any CPU
		{52D24DE2-8661-4BBF-AC7B-B36BB1A655BA}.Release|x86.Build.0 = Release|Any CPU
		{483C5E8D-99A4-410D-8DB3-2F695B05BF40}.Debug|Any CPU.ActiveCfg = Debug|Any CPU
		{483C5E8D-99A4-410D-8DB3-2F695B05BF40}.Debug|Any CPU.Build.0 = Debug|Any CPU
		{483C5E8D-99A4-410D-8DB3-2F695B05BF40}.Debug|x64.ActiveCfg = Debug|Any CPU
		{483C5E8D-99A4-410D-8DB3-2F695B05BF40}.Debug|x64.Build.0 = Debug|Any CPU
		{483C5E8D-99A4-410D-8DB3-2F695B05BF40}.Debug|x86.ActiveCfg = Debug|Any CPU
		{483C5E8D-99A4-410D-8DB3-2F695B05BF40}.Debug|x86.Build.0 = Debug|Any CPU
		{483C5E8D-99A4-410D-8DB3-2F695B05BF40}.Release|Any CPU.ActiveCfg = Release|Any CPU
		{483C5E8D-99A4-410D-8DB3-2F695B05BF40}.Release|Any CPU.Build.0 = Release|Any CPU
		{483C5E8D-99A4-410D-8DB3-2F695B05BF40}.Release|x64.ActiveCfg = Release|Any CPU
		{483C5E8D-99A4-410D-8DB3-2F695B05BF40}.Release|x64.Build.0 = Release|Any CPU
		{483C5E8D-99A4-410D-8DB3-2F695B05BF40}.Release|x86.ActiveCfg = Release|Any CPU
		{483C5E8D-99A4-410D-8DB3-2F695B05BF40}.Release|x86.Build.0 = Release|Any CPU
		{52816D57-5EEB-4259-AC9E-C60948AC9503}.Debug|Any CPU.ActiveCfg = Debug|Any CPU
		{52816D57-5EEB-4259-AC9E-C60948AC9503}.Debug|Any CPU.Build.0 = Debug|Any CPU
		{52816D57-5EEB-4259-AC9E-C60948AC9503}.Debug|x64.ActiveCfg = Debug|Any CPU
		{52816D57-5EEB-4259-AC9E-C60948AC9503}.Debug|x64.Build.0 = Debug|Any CPU
		{52816D57-5EEB-4259-AC9E-C60948AC9503}.Debug|x86.ActiveCfg = Debug|Any CPU
		{52816D57-5EEB-4259-AC9E-C60948AC9503}.Debug|x86.Build.0 = Debug|Any CPU
		{52816D57-5EEB-4259-AC9E-C60948AC9503}.Release|Any CPU.ActiveCfg = Release|Any CPU
		{52816D57-5EEB-4259-AC9E-C60948AC9503}.Release|Any CPU.Build.0 = Release|Any CPU
		{52816D57-5EEB-4259-AC9E-C60948AC9503}.Release|x64.ActiveCfg = Release|Any CPU
		{52816D57-5EEB-4259-AC9E-C60948AC9503}.Release|x64.Build.0 = Release|Any CPU
		{52816D57-5EEB-4259-AC9E-C60948AC9503}.Release|x86.ActiveCfg = Release|Any CPU
		{52816D57-5EEB-4259-AC9E-C60948AC9503}.Release|x86.Build.0 = Release|Any CPU
		{747B2F4A-99A5-4FCE-A388-4AB4DEC08BE8}.Debug|Any CPU.ActiveCfg = Debug|Any CPU
		{747B2F4A-99A5-4FCE-A388-4AB4DEC08BE8}.Debug|Any CPU.Build.0 = Debug|Any CPU
		{747B2F4A-99A5-4FCE-A388-4AB4DEC08BE8}.Debug|x64.ActiveCfg = Debug|Any CPU
		{747B2F4A-99A5-4FCE-A388-4AB4DEC08BE8}.Debug|x64.Build.0 = Debug|Any CPU
		{747B2F4A-99A5-4FCE-A388-4AB4DEC08BE8}.Debug|x86.ActiveCfg = Debug|Any CPU
		{747B2F4A-99A5-4FCE-A388-4AB4DEC08BE8}.Debug|x86.Build.0 = Debug|Any CPU
		{747B2F4A-99A5-4FCE-A388-4AB4DEC08BE8}.Release|Any CPU.ActiveCfg = Release|Any CPU
		{747B2F4A-99A5-4FCE-A388-4AB4DEC08BE8}.Release|Any CPU.Build.0 = Release|Any CPU
		{747B2F4A-99A5-4FCE-A388-4AB4DEC08BE8}.Release|x64.ActiveCfg = Release|Any CPU
		{747B2F4A-99A5-4FCE-A388-4AB4DEC08BE8}.Release|x64.Build.0 = Release|Any CPU
		{747B2F4A-99A5-4FCE-A388-4AB4DEC08BE8}.Release|x86.ActiveCfg = Release|Any CPU
		{747B2F4A-99A5-4FCE-A388-4AB4DEC08BE8}.Release|x86.Build.0 = Release|Any CPU
		{3D96B7E1-7803-40F4-84A7-3FF107A568B6}.Debug|Any CPU.ActiveCfg = Debug|Any CPU
		{3D96B7E1-7803-40F4-84A7-3FF107A568B6}.Debug|Any CPU.Build.0 = Debug|Any CPU
		{3D96B7E1-7803-40F4-84A7-3FF107A568B6}.Debug|x64.ActiveCfg = Debug|Any CPU
		{3D96B7E1-7803-40F4-84A7-3FF107A568B6}.Debug|x64.Build.0 = Debug|Any CPU
		{3D96B7E1-7803-40F4-84A7-3FF107A568B6}.Debug|x86.ActiveCfg = Debug|Any CPU
		{3D96B7E1-7803-40F4-84A7-3FF107A568B6}.Debug|x86.Build.0 = Debug|Any CPU
		{3D96B7E1-7803-40F4-84A7-3FF107A568B6}.Release|Any CPU.ActiveCfg = Release|Any CPU
		{3D96B7E1-7803-40F4-84A7-3FF107A568B6}.Release|Any CPU.Build.0 = Release|Any CPU
		{3D96B7E1-7803-40F4-84A7-3FF107A568B6}.Release|x64.ActiveCfg = Release|Any CPU
		{3D96B7E1-7803-40F4-84A7-3FF107A568B6}.Release|x64.Build.0 = Release|Any CPU
		{3D96B7E1-7803-40F4-84A7-3FF107A568B6}.Release|x86.ActiveCfg = Release|Any CPU
		{3D96B7E1-7803-40F4-84A7-3FF107A568B6}.Release|x86.Build.0 = Release|Any CPU
		{72D044B7-3FC8-447E-9BF9-2A868776CE38}.Debug|Any CPU.ActiveCfg = Debug|Any CPU
		{72D044B7-3FC8-447E-9BF9-2A868776CE38}.Debug|Any CPU.Build.0 = Debug|Any CPU
		{72D044B7-3FC8-447E-9BF9-2A868776CE38}.Debug|x64.ActiveCfg = Debug|Any CPU
		{72D044B7-3FC8-447E-9BF9-2A868776CE38}.Debug|x64.Build.0 = Debug|Any CPU
		{72D044B7-3FC8-447E-9BF9-2A868776CE38}.Debug|x86.ActiveCfg = Debug|Any CPU
		{72D044B7-3FC8-447E-9BF9-2A868776CE38}.Debug|x86.Build.0 = Debug|Any CPU
		{72D044B7-3FC8-447E-9BF9-2A868776CE38}.Release|Any CPU.ActiveCfg = Release|Any CPU
		{72D044B7-3FC8-447E-9BF9-2A868776CE38}.Release|Any CPU.Build.0 = Release|Any CPU
		{72D044B7-3FC8-447E-9BF9-2A868776CE38}.Release|x64.ActiveCfg = Release|Any CPU
		{72D044B7-3FC8-447E-9BF9-2A868776CE38}.Release|x64.Build.0 = Release|Any CPU
		{72D044B7-3FC8-447E-9BF9-2A868776CE38}.Release|x86.ActiveCfg = Release|Any CPU
		{72D044B7-3FC8-447E-9BF9-2A868776CE38}.Release|x86.Build.0 = Release|Any CPU
		{5FBFF863-A73D-4141-A66B-A7B233366407}.Debug|Any CPU.ActiveCfg = Debug|Any CPU
		{5FBFF863-A73D-4141-A66B-A7B233366407}.Debug|Any CPU.Build.0 = Debug|Any CPU
		{5FBFF863-A73D-4141-A66B-A7B233366407}.Debug|x64.ActiveCfg = Debug|Any CPU
		{5FBFF863-A73D-4141-A66B-A7B233366407}.Debug|x64.Build.0 = Debug|Any CPU
		{5FBFF863-A73D-4141-A66B-A7B233366407}.Debug|x86.ActiveCfg = Debug|Any CPU
		{5FBFF863-A73D-4141-A66B-A7B233366407}.Debug|x86.Build.0 = Debug|Any CPU
		{5FBFF863-A73D-4141-A66B-A7B233366407}.Release|Any CPU.ActiveCfg = Release|Any CPU
		{5FBFF863-A73D-4141-A66B-A7B233366407}.Release|Any CPU.Build.0 = Release|Any CPU
		{5FBFF863-A73D-4141-A66B-A7B233366407}.Release|x64.ActiveCfg = Release|Any CPU
		{5FBFF863-A73D-4141-A66B-A7B233366407}.Release|x64.Build.0 = Release|Any CPU
		{5FBFF863-A73D-4141-A66B-A7B233366407}.Release|x86.ActiveCfg = Release|Any CPU
		{5FBFF863-A73D-4141-A66B-A7B233366407}.Release|x86.Build.0 = Release|Any CPU
		{DB0864A2-309F-4248-A84B-A3FE914D642B}.Debug|Any CPU.ActiveCfg = Debug|Any CPU
		{DB0864A2-309F-4248-A84B-A3FE914D642B}.Debug|Any CPU.Build.0 = Debug|Any CPU
		{DB0864A2-309F-4248-A84B-A3FE914D642B}.Debug|x64.ActiveCfg = Debug|Any CPU
		{DB0864A2-309F-4248-A84B-A3FE914D642B}.Debug|x64.Build.0 = Debug|Any CPU
		{DB0864A2-309F-4248-A84B-A3FE914D642B}.Debug|x86.ActiveCfg = Debug|Any CPU
		{DB0864A2-309F-4248-A84B-A3FE914D642B}.Debug|x86.Build.0 = Debug|Any CPU
		{DB0864A2-309F-4248-A84B-A3FE914D642B}.Release|Any CPU.ActiveCfg = Release|Any CPU
		{DB0864A2-309F-4248-A84B-A3FE914D642B}.Release|Any CPU.Build.0 = Release|Any CPU
		{DB0864A2-309F-4248-A84B-A3FE914D642B}.Release|x64.ActiveCfg = Release|Any CPU
		{DB0864A2-309F-4248-A84B-A3FE914D642B}.Release|x64.Build.0 = Release|Any CPU
		{DB0864A2-309F-4248-A84B-A3FE914D642B}.Release|x86.ActiveCfg = Release|Any CPU
		{DB0864A2-309F-4248-A84B-A3FE914D642B}.Release|x86.Build.0 = Release|Any CPU
		{F4123293-8E4B-4F1C-A04A-29BCD25D992E}.Debug|Any CPU.ActiveCfg = Debug|Any CPU
		{F4123293-8E4B-4F1C-A04A-29BCD25D992E}.Debug|Any CPU.Build.0 = Debug|Any CPU
		{F4123293-8E4B-4F1C-A04A-29BCD25D992E}.Debug|x64.ActiveCfg = Debug|Any CPU
		{F4123293-8E4B-4F1C-A04A-29BCD25D992E}.Debug|x64.Build.0 = Debug|Any CPU
		{F4123293-8E4B-4F1C-A04A-29BCD25D992E}.Debug|x86.ActiveCfg = Debug|Any CPU
		{F4123293-8E4B-4F1C-A04A-29BCD25D992E}.Debug|x86.Build.0 = Debug|Any CPU
		{F4123293-8E4B-4F1C-A04A-29BCD25D992E}.Release|Any CPU.ActiveCfg = Release|Any CPU
		{F4123293-8E4B-4F1C-A04A-29BCD25D992E}.Release|Any CPU.Build.0 = Release|Any CPU
		{F4123293-8E4B-4F1C-A04A-29BCD25D992E}.Release|x64.ActiveCfg = Release|Any CPU
		{F4123293-8E4B-4F1C-A04A-29BCD25D992E}.Release|x64.Build.0 = Release|Any CPU
		{F4123293-8E4B-4F1C-A04A-29BCD25D992E}.Release|x86.ActiveCfg = Release|Any CPU
		{F4123293-8E4B-4F1C-A04A-29BCD25D992E}.Release|x86.Build.0 = Release|Any CPU
		{2D9452F8-04A2-4B90-A78E-D79C17E8A860}.Debug|Any CPU.ActiveCfg = Debug|Any CPU
		{2D9452F8-04A2-4B90-A78E-D79C17E8A860}.Debug|Any CPU.Build.0 = Debug|Any CPU
		{2D9452F8-04A2-4B90-A78E-D79C17E8A860}.Debug|x64.ActiveCfg = Debug|Any CPU
		{2D9452F8-04A2-4B90-A78E-D79C17E8A860}.Debug|x64.Build.0 = Debug|Any CPU
		{2D9452F8-04A2-4B90-A78E-D79C17E8A860}.Debug|x86.ActiveCfg = Debug|Any CPU
		{2D9452F8-04A2-4B90-A78E-D79C17E8A860}.Debug|x86.Build.0 = Debug|Any CPU
		{2D9452F8-04A2-4B90-A78E-D79C17E8A860}.Release|Any CPU.ActiveCfg = Release|Any CPU
		{2D9452F8-04A2-4B90-A78E-D79C17E8A860}.Release|Any CPU.Build.0 = Release|Any CPU
		{2D9452F8-04A2-4B90-A78E-D79C17E8A860}.Release|x64.ActiveCfg = Release|Any CPU
		{2D9452F8-04A2-4B90-A78E-D79C17E8A860}.Release|x64.Build.0 = Release|Any CPU
		{2D9452F8-04A2-4B90-A78E-D79C17E8A860}.Release|x86.ActiveCfg = Release|Any CPU
		{2D9452F8-04A2-4B90-A78E-D79C17E8A860}.Release|x86.Build.0 = Release|Any CPU
		{2F3B6BC1-E054-4513-9D2F-5B2D451D4797}.Debug|Any CPU.ActiveCfg = Debug|Any CPU
		{2F3B6BC1-E054-4513-9D2F-5B2D451D4797}.Debug|Any CPU.Build.0 = Debug|Any CPU
		{2F3B6BC1-E054-4513-9D2F-5B2D451D4797}.Debug|x64.ActiveCfg = Debug|Any CPU
		{2F3B6BC1-E054-4513-9D2F-5B2D451D4797}.Debug|x64.Build.0 = Debug|Any CPU
		{2F3B6BC1-E054-4513-9D2F-5B2D451D4797}.Debug|x86.ActiveCfg = Debug|Any CPU
		{2F3B6BC1-E054-4513-9D2F-5B2D451D4797}.Debug|x86.Build.0 = Debug|Any CPU
		{2F3B6BC1-E054-4513-9D2F-5B2D451D4797}.Release|Any CPU.ActiveCfg = Release|Any CPU
		{2F3B6BC1-E054-4513-9D2F-5B2D451D4797}.Release|Any CPU.Build.0 = Release|Any CPU
		{2F3B6BC1-E054-4513-9D2F-5B2D451D4797}.Release|x64.ActiveCfg = Release|Any CPU
		{2F3B6BC1-E054-4513-9D2F-5B2D451D4797}.Release|x64.Build.0 = Release|Any CPU
		{2F3B6BC1-E054-4513-9D2F-5B2D451D4797}.Release|x86.ActiveCfg = Release|Any CPU
		{2F3B6BC1-E054-4513-9D2F-5B2D451D4797}.Release|x86.Build.0 = Release|Any CPU
		{32435CF6-06AE-4945-8E57-663C457F976C}.Debug|Any CPU.ActiveCfg = Debug|Any CPU
		{32435CF6-06AE-4945-8E57-663C457F976C}.Debug|Any CPU.Build.0 = Debug|Any CPU
		{32435CF6-06AE-4945-8E57-663C457F976C}.Debug|x64.ActiveCfg = Debug|Any CPU
		{32435CF6-06AE-4945-8E57-663C457F976C}.Debug|x64.Build.0 = Debug|Any CPU
		{32435CF6-06AE-4945-8E57-663C457F976C}.Debug|x86.ActiveCfg = Debug|Any CPU
		{32435CF6-06AE-4945-8E57-663C457F976C}.Debug|x86.Build.0 = Debug|Any CPU
		{32435CF6-06AE-4945-8E57-663C457F976C}.Release|Any CPU.ActiveCfg = Release|Any CPU
		{32435CF6-06AE-4945-8E57-663C457F976C}.Release|Any CPU.Build.0 = Release|Any CPU
		{32435CF6-06AE-4945-8E57-663C457F976C}.Release|x64.ActiveCfg = Release|Any CPU
		{32435CF6-06AE-4945-8E57-663C457F976C}.Release|x64.Build.0 = Release|Any CPU
		{32435CF6-06AE-4945-8E57-663C457F976C}.Release|x86.ActiveCfg = Release|Any CPU
		{32435CF6-06AE-4945-8E57-663C457F976C}.Release|x86.Build.0 = Release|Any CPU
		{B217E145-3191-4A74-B5E4-2DC0B5BBD149}.Debug|Any CPU.ActiveCfg = Debug|Any CPU
		{B217E145-3191-4A74-B5E4-2DC0B5BBD149}.Debug|Any CPU.Build.0 = Debug|Any CPU
		{B217E145-3191-4A74-B5E4-2DC0B5BBD149}.Debug|x64.ActiveCfg = Debug|Any CPU
		{B217E145-3191-4A74-B5E4-2DC0B5BBD149}.Debug|x64.Build.0 = Debug|Any CPU
		{B217E145-3191-4A74-B5E4-2DC0B5BBD149}.Debug|x86.ActiveCfg = Debug|Any CPU
		{B217E145-3191-4A74-B5E4-2DC0B5BBD149}.Debug|x86.Build.0 = Debug|Any CPU
		{B217E145-3191-4A74-B5E4-2DC0B5BBD149}.Release|Any CPU.ActiveCfg = Release|Any CPU
		{B217E145-3191-4A74-B5E4-2DC0B5BBD149}.Release|Any CPU.Build.0 = Release|Any CPU
		{B217E145-3191-4A74-B5E4-2DC0B5BBD149}.Release|x64.ActiveCfg = Release|Any CPU
		{B217E145-3191-4A74-B5E4-2DC0B5BBD149}.Release|x64.Build.0 = Release|Any CPU
		{B217E145-3191-4A74-B5E4-2DC0B5BBD149}.Release|x86.ActiveCfg = Release|Any CPU
		{B217E145-3191-4A74-B5E4-2DC0B5BBD149}.Release|x86.Build.0 = Release|Any CPU
		{DDB28040-6854-435C-B971-EF06CFEED112}.Debug|Any CPU.ActiveCfg = Debug|Any CPU
		{DDB28040-6854-435C-B971-EF06CFEED112}.Debug|Any CPU.Build.0 = Debug|Any CPU
		{DDB28040-6854-435C-B971-EF06CFEED112}.Debug|x64.ActiveCfg = Debug|Any CPU
		{DDB28040-6854-435C-B971-EF06CFEED112}.Debug|x64.Build.0 = Debug|Any CPU
		{DDB28040-6854-435C-B971-EF06CFEED112}.Debug|x86.ActiveCfg = Debug|Any CPU
		{DDB28040-6854-435C-B971-EF06CFEED112}.Debug|x86.Build.0 = Debug|Any CPU
		{DDB28040-6854-435C-B971-EF06CFEED112}.Release|Any CPU.ActiveCfg = Release|Any CPU
		{DDB28040-6854-435C-B971-EF06CFEED112}.Release|Any CPU.Build.0 = Release|Any CPU
		{DDB28040-6854-435C-B971-EF06CFEED112}.Release|x64.ActiveCfg = Release|Any CPU
		{DDB28040-6854-435C-B971-EF06CFEED112}.Release|x64.Build.0 = Release|Any CPU
		{DDB28040-6854-435C-B971-EF06CFEED112}.Release|x86.ActiveCfg = Release|Any CPU
		{DDB28040-6854-435C-B971-EF06CFEED112}.Release|x86.Build.0 = Release|Any CPU
		{57AFF441-9D33-44C7-9846-7500F97E701E}.Debug|Any CPU.ActiveCfg = Debug|Any CPU
		{57AFF441-9D33-44C7-9846-7500F97E701E}.Debug|Any CPU.Build.0 = Debug|Any CPU
		{57AFF441-9D33-44C7-9846-7500F97E701E}.Debug|x64.ActiveCfg = Debug|Any CPU
		{57AFF441-9D33-44C7-9846-7500F97E701E}.Debug|x64.Build.0 = Debug|Any CPU
		{57AFF441-9D33-44C7-9846-7500F97E701E}.Debug|x86.ActiveCfg = Debug|Any CPU
		{57AFF441-9D33-44C7-9846-7500F97E701E}.Debug|x86.Build.0 = Debug|Any CPU
		{57AFF441-9D33-44C7-9846-7500F97E701E}.Release|Any CPU.ActiveCfg = Release|Any CPU
		{57AFF441-9D33-44C7-9846-7500F97E701E}.Release|Any CPU.Build.0 = Release|Any CPU
		{57AFF441-9D33-44C7-9846-7500F97E701E}.Release|x64.ActiveCfg = Release|Any CPU
		{57AFF441-9D33-44C7-9846-7500F97E701E}.Release|x64.Build.0 = Release|Any CPU
		{57AFF441-9D33-44C7-9846-7500F97E701E}.Release|x86.ActiveCfg = Release|Any CPU
		{57AFF441-9D33-44C7-9846-7500F97E701E}.Release|x86.Build.0 = Release|Any CPU
	EndGlobalSection
	GlobalSection(SolutionProperties) = preSolution
		HideSolutionNode = FALSE
	EndGlobalSection
	GlobalSection(NestedProjects) = preSolution
		{0A27C140-4CCB-40DD-BE48-F5DE16D1177B} = {C9BFDDC4-5671-47A3-B57D-197C2A51FA8A}
		{13367B7A-E91C-47EE-BA5E-C50664D65767} = {C9BFDDC4-5671-47A3-B57D-197C2A51FA8A}
		{9C156841-9389-4840-82CB-D5A4ED9A6A00} = {C9BFDDC4-5671-47A3-B57D-197C2A51FA8A}
		{338A04B7-CB1A-4C98-84A7-02F48A41D860} = {D9FD9ABA-AE5E-4427-AA6B-6285BE2E212D}
		{52D24DE2-8661-4BBF-AC7B-B36BB1A655BA} = {D9FD9ABA-AE5E-4427-AA6B-6285BE2E212D}
		{483C5E8D-99A4-410D-8DB3-2F695B05BF40} = {D9FD9ABA-AE5E-4427-AA6B-6285BE2E212D}
		{A207C4AD-FD60-4253-BB81-937B1F394881} = {C9BFDDC4-5671-47A3-B57D-197C2A51FA8A}
		{52816D57-5EEB-4259-AC9E-C60948AC9503} = {A207C4AD-FD60-4253-BB81-937B1F394881}
		{747B2F4A-99A5-4FCE-A388-4AB4DEC08BE8} = {A207C4AD-FD60-4253-BB81-937B1F394881}
		{3D96B7E1-7803-40F4-84A7-3FF107A568B6} = {A207C4AD-FD60-4253-BB81-937B1F394881}
		{72D044B7-3FC8-447E-9BF9-2A868776CE38} = {A207C4AD-FD60-4253-BB81-937B1F394881}
		{5FBFF863-A73D-4141-A66B-A7B233366407} = {A207C4AD-FD60-4253-BB81-937B1F394881}
		{DB0864A2-309F-4248-A84B-A3FE914D642B} = {A207C4AD-FD60-4253-BB81-937B1F394881}
		{F4123293-8E4B-4F1C-A04A-29BCD25D992E} = {A207C4AD-FD60-4253-BB81-937B1F394881}
		{2D9452F8-04A2-4B90-A78E-D79C17E8A860} = {A207C4AD-FD60-4253-BB81-937B1F394881}
		{2F3B6BC1-E054-4513-9D2F-5B2D451D4797} = {A207C4AD-FD60-4253-BB81-937B1F394881}
		{32435CF6-06AE-4945-8E57-663C457F976C} = {A207C4AD-FD60-4253-BB81-937B1F394881}
		{B217E145-3191-4A74-B5E4-2DC0B5BBD149} = {A207C4AD-FD60-4253-BB81-937B1F394881}
		{DDB28040-6854-435C-B971-EF06CFEED112} = {A207C4AD-FD60-4253-BB81-937B1F394881}
		{57AFF441-9D33-44C7-9846-7500F97E701E} = {A207C4AD-FD60-4253-BB81-937B1F394881}
	EndGlobalSection
EndGlobal
